
Microsoft Visual Studio Solution File, Format Version 10.00
# Visual Studio 2008
Project("{E24C65DC-7377-472B-9ABA-BC803B73C61A}") = "website", "website\", "{E36FDA90-61DF-4CA2-A0C4-E63B152AAAF4}"
	ProjectSection(WebsiteProperties) = preProject
		TargetFramework = "3.5"
		ProjectReferences = "{18048436-654D-404A-8EDF-8EBDE48FF272}|DataAccessLayer.dll;"
		Debug.AspNetCompiler.VirtualPath = "/website"
		Debug.AspNetCompiler.PhysicalPath = "E:\MyProjects\ShoppingCart\trunk\website\"
		Debug.AspNetCompiler.TargetPath = "PrecompiledWeb\website\"
		Debug.AspNetCompiler.Updateable = "true"
		Debug.AspNetCompiler.ForceOverwrite = "true"
		Debug.AspNetCompiler.FixedNames = "false"
		Debug.AspNetCompiler.Debug = "True"
		Release.AspNetCompiler.VirtualPath = "/website"
		Release.AspNetCompiler.PhysicalPath = "E:\MyProjects\ShoppingCart\trunk\website\"
		Release.AspNetCompiler.TargetPath = "PrecompiledWeb\website\"
		Release.AspNetCompiler.Updateable = "true"
		Release.AspNetCompiler.ForceOverwrite = "true"
		Release.AspNetCompiler.FixedNames = "false"
		Release.AspNetCompiler.Debug = "False"
		VWDPort = "51863"
	EndProjectSection
EndProject
Project("{FAE04EC0-301F-11D3-BF4B-00C04F79EFBC}") = "DataAccessLayer", "DataAccessLayer\DataAccessLayer.csproj", "{18048436-654D-404A-8EDF-8EBDE48FF272}"
EndProject
Project("{FAE04EC0-301F-11D3-BF4B-00C04F79EFBC}") = "EmailService", "EmailService\EmailService.csproj", "{933E5930-B6E4-434C-A89F-AFB792BDCC69}"
	ProjectSection(ProjectDependencies) = postProject
		{18048436-654D-404A-8EDF-8EBDE48FF272} = {18048436-654D-404A-8EDF-8EBDE48FF272}
	EndProjectSection
EndProject
Global
	GlobalSection(SolutionConfigurationPlatforms) = preSolution
		Debug|.NET = Debug|.NET
		Debug|Any CPU = Debug|Any CPU
		Debug|Mixed Platforms = Debug|Mixed Platforms
		Release|.NET = Release|.NET
		Release|Any CPU = Release|Any CPU
		Release|Mixed Platforms = Release|Mixed Platforms
	EndGlobalSection
	GlobalSection(ProjectConfigurationPlatforms) = postSolution
		{E36FDA90-61DF-4CA2-A0C4-E63B152AAAF4}.Debug|.NET.ActiveCfg = Debug|.NET
		{E36FDA90-61DF-4CA2-A0C4-E63B152AAAF4}.Debug|.NET.Build.0 = Debug|.NET
		{E36FDA90-61DF-4CA2-A0C4-E63B152AAAF4}.Debug|Any CPU.ActiveCfg = Debug|.NET
		{E36FDA90-61DF-4CA2-A0C4-E63B152AAAF4}.Debug|Mixed Platforms.ActiveCfg = Debug|.NET
		{E36FDA90-61DF-4CA2-A0C4-E63B152AAAF4}.Debug|Mixed Platforms.Build.0 = Debug|.NET
		{E36FDA90-61DF-4CA2-A0C4-E63B152AAAF4}.Release|.NET.ActiveCfg = Debug|.NET
		{E36FDA90-61DF-4CA2-A0C4-E63B152AAAF4}.Release|.NET.Build.0 = Debug|.NET
		{E36FDA90-61DF-4CA2-A0C4-E63B152AAAF4}.Release|Any CPU.ActiveCfg = Debug|.NET
		{E36FDA90-61DF-4CA2-A0C4-E63B152AAAF4}.Release|Mixed Platforms.ActiveCfg = Debug|.NET
		{E36FDA90-61DF-4CA2-A0C4-E63B152AAAF4}.Release|Mixed Platforms.Build.0 = Debug|.NET
		{18048436-654D-404A-8EDF-8EBDE48FF272}.Debug|.NET.ActiveCfg = Debug|Any CPU
		{18048436-654D-404A-8EDF-8EBDE48FF272}.Debug|Any CPU.ActiveCfg = Debug|Any CPU
		{18048436-654D-404A-8EDF-8EBDE48FF272}.Debug|Any CPU.Build.0 = Debug|Any CPU
		{18048436-654D-404A-8EDF-8EBDE48FF272}.Debug|Mixed Platforms.ActiveCfg = Debug|Any CPU
		{18048436-654D-404A-8EDF-8EBDE48FF272}.Debug|Mixed Platforms.Build.0 = Debug|Any CPU
		{18048436-654D-404A-8EDF-8EBDE48FF272}.Release|.NET.ActiveCfg = Release|Any CPU
		{18048436-654D-404A-8EDF-8EBDE48FF272}.Release|Any CPU.ActiveCfg = Release|Any CPU
		{18048436-654D-404A-8EDF-8EBDE48FF272}.Release|Any CPU.Build.0 = Release|Any CPU
		{18048436-654D-404A-8EDF-8EBDE48FF272}.Release|Mixed Platforms.ActiveCfg = Release|Any CPU
		{18048436-654D-404A-8EDF-8EBDE48FF272}.Release|Mixed Platforms.Build.0 = Release|Any CPU
		{933E5930-B6E4-434C-A89F-AFB792BDCC69}.Debug|.NET.ActiveCfg = Debug|Any CPU
		{933E5930-B6E4-434C-A89F-AFB792BDCC69}.Debug|Any CPU.ActiveCfg = Debug|Any CPU
		{933E5930-B6E4-434C-A89F-AFB792BDCC69}.Debug|Any CPU.Build.0 = Debug|Any CPU
		{933E5930-B6E4-434C-A89F-AFB792BDCC69}.Debug|Mixed Platforms.ActiveCfg = Debug|Any CPU
		{933E5930-B6E4-434C-A89F-AFB792BDCC69}.Debug|Mixed Platforms.Build.0 = Debug|Any CPU
		{933E5930-B6E4-434C-A89F-AFB792BDCC69}.Release|.NET.ActiveCfg = Release|Any CPU
		{933E5930-B6E4-434C-A89F-AFB792BDCC69}.Release|Any CPU.ActiveCfg = Release|Any CPU
		{933E5930-B6E4-434C-A89F-AFB792BDCC69}.Release|Any CPU.Build.0 = Release|Any CPU
		{933E5930-B6E4-434C-A89F-AFB792BDCC69}.Release|Mixed Platforms.ActiveCfg = Release|Any CPU
		{933E5930-B6E4-434C-A89F-AFB792BDCC69}.Release|Mixed Platforms.Build.0 = Release|Any CPU
	EndGlobalSection
	GlobalSection(SolutionProperties) = preSolution
		HideSolutionNode = FALSE
	EndGlobalSection
EndGlobal
